// !$*UTF8*$!
{
	archiveVersion = 1;
	classes = {
	};
	objectVersion = 77;
	objects = {

/* Begin PBXBuildFile section */
		22BFDEB42DCA7819002512AD /* FirebaseAuth in Frameworks */ = {isa = PBXBuildFile; productRef = 22BFDEB32DCA7819002512AD /* FirebaseAuth */; };
		22BFDEB62DCA7819002512AD /* FirebaseCore in Frameworks */ = {isa = PBXBuildFile; productRef = 22BFDEB52DCA7819002512AD /* FirebaseCore */; };
		22BFDEB82DCA7819002512AD /* FirebaseDatabase in Frameworks */ = {isa = PBXBuildFile; productRef = 22BFDEB72DCA7819002512AD /* FirebaseDatabase */; };
		22BFDEBA2DCA7819002512AD /* FirebaseFirestore in Frameworks */ = {isa = PBXBuildFile; productRef = 22BFDEB92DCA7819002512AD /* FirebaseFirestore */; };
/* End PBXBuildFile section */

/* Begin PBXContainerItemProxy section */
		22F9D7B22DC54ADC00C856E8 /* PBXContainerItemProxy */ = {
			isa = PBXContainerItemProxy;
			containerPortal = 22F9D7932DC54ADB00C856E8 /* Project object */;
			proxyType = 1;
			remoteGlobalIDString = 22F9D79A2DC54ADB00C856E8;
			remoteInfo = "Location tracker";
		};
		22F9D7BC2DC54ADC00C856E8 /* PBXContainerItemProxy */ = {
			isa = PBXContainerItemProxy;
			containerPortal = 22F9D7932DC54ADB00C856E8 /* Project object */;
			proxyType = 1;
			remoteGlobalIDString = 22F9D79A2DC54ADB00C856E8;
			remoteInfo = "Location tracker";
		};
/* End PBXContainerItemProxy section */

/* Begin PBXFileReference section */
		22F9D79B2DC54ADB00C856E8 /* Location tracker.app */ = {isa = PBXFileReference; explicitFileType = wrapper.application; includeInIndex = 0; path = "Location tracker.app"; sourceTree = BUILT_PRODUCTS_DIR; };
		22F9D7B12DC54ADC00C856E8 /* Location trackerTests.xctest */ = {isa = PBXFileReference; explicitFileType = wrapper.cfbundle; includeInIndex = 0; path = "Location trackerTests.xctest"; sourceTree = BUILT_PRODUCTS_DIR; };
		22F9D7BB2DC54ADC00C856E8 /* Location trackerUITests.xctest */ = {isa = PBXFileReference; explicitFileType = wrapper.cfbundle; includeInIndex = 0; path = "Location trackerUITests.xctest"; sourceTree = BUILT_PRODUCTS_DIR; };
/* End PBXFileReference section */

/* Begin PBXFileSystemSynchronizedBuildFileExceptionSet section */
		22F9D7C32DC54ADC00C856E8 /* Exceptions for "Location tracker" folder in "Location tracker" target */ = {
			isa = PBXFileSystemSynchronizedBuildFileExceptionSet;
			membershipExceptions = (
				Info.plist,
			);
			target = 22F9D79A2DC54ADB00C856E8 /* Location tracker */;
		};
/* End PBXFileSystemSynchronizedBuildFileExceptionSet section */

/* Begin PBXFileSystemSynchronizedRootGroup section */
		22F9D79D2DC54ADB00C856E8 /* Location tracker */ = {
			isa = PBXFileSystemSynchronizedRootGroup;
			exceptions = (
				22F9D7C32DC54ADC00C856E8 /* Exceptions for "Location tracker" folder in "Location tracker" target */,
			);
			path = "Location tracker";
			sourceTree = "<group>";
		};
		22F9D7B42DC54ADC00C856E8 /* Location trackerTests */ = {
			isa = PBXFileSystemSynchronizedRootGroup;
			path = "Location trackerTests";
			sourceTree = "<group>";
		};
		22F9D7BE2DC54ADC00C856E8 /* Location trackerUITests */ = {
			isa = PBXFileSystemSynchronizedRootGroup;
			path = "Location trackerUITests";
			sourceTree = "<group>";
		};
/* End PBXFileSystemSynchronizedRootGroup section */

/* Begin PBXFrameworksBuildPhase section */
		22F9D7982DC54ADB00C856E8 /* Frameworks */ = {
			isa = PBXFrameworksBuildPhase;
			buildActionMask = 2147483647;
			files = (
				22BFDEB82DCA7819002512AD /* FirebaseDatabase in Frameworks */,
				22BFDEBA2DCA7819002512AD /* FirebaseFirestore in Frameworks */,
				22BFDEB62DCA7819002512AD /* FirebaseCore in Frameworks */,
				22BFDEB42DCA7819002512AD /* FirebaseAuth in Frameworks */,
			);
			runOnlyForDeploymentPostprocessing = 0;
		};
		22F9D7AE2DC54ADC00C856E8 /* Frameworks */ = {
			isa = PBXFrameworksBuildPhase;
			buildActionMask = 2147483647;
			files = (
			);
			runOnlyForDeploymentPostprocessing = 0;
		};
		22F9D7B82DC54ADC00C856E8 /* Frameworks */ = {
			isa = PBXFrameworksBuildPhase;
			buildActionMask = 2147483647;
			files = (
			);
			runOnlyForDeploymentPostprocessing = 0;
		};
/* End PBXFrameworksBuildPhase section */

/* Begin PBXGroup section */
		22F9D7922DC54ADB00C856E8 = {
			isa = PBXGroup;
			children = (
				22F9D79D2DC54ADB00C856E8 /* Location tracker */,
				22F9D7B42DC54ADC00C856E8 /* Location trackerTests */,
				22F9D7BE2DC54ADC00C856E8 /* Location trackerUITests */,
				22F9D79C2DC54ADB00C856E8 /* Products */,
			);
			sourceTree = "<group>";
		};
		22F9D79C2DC54ADB00C856E8 /* Products */ = {
			isa = PBXGroup;
			children = (
				22F9D79B2DC54ADB00C856E8 /* Location tracker.app */,
				22F9D7B12DC54ADC00C856E8 /* Location trackerTests.xctest */,
				22F9D7BB2DC54ADC00C856E8 /* Location trackerUITests.xctest */,
			);
			name = Products;
			sourceTree = "<group>";
		};
/* End PBXGroup section */

/* Begin PBXNativeTarget section */
		22F9D79A2DC54ADB00C856E8 /* Location tracker */ = {
			isa = PBXNativeTarget;
			buildConfigurationList = 22F9D7C42DC54ADC00C856E8 /* Build configuration list for PBXNativeTarget "Location tracker" */;
			buildPhases = (
				22F9D7972DC54ADB00C856E8 /* Sources */,
				22F9D7982DC54ADB00C856E8 /* Frameworks */,
				22F9D7992DC54ADB00C856E8 /* Resources */,
			);
			buildRules = (
			);
			dependencies = (
			);
			fileSystemSynchronizedGroups = (
				22F9D79D2DC54ADB00C856E8 /* Location tracker */,
			);
			name = "Location tracker";
			packageProductDependencies = (
				22BFDEB32DCA7819002512AD /* FirebaseAuth */,
				22BFDEB52DCA7819002512AD /* FirebaseCore */,
				22BFDEB72DCA7819002512AD /* FirebaseDatabase */,
				22BFDEB92DCA7819002512AD /* FirebaseFirestore */,
			);
			productName = "Location tracker";
			productReference = 22F9D79B2DC54ADB00C856E8 /* Location tracker.app */;
			productType = "com.apple.product-type.application";
		};
		22F9D7B02DC54ADC00C856E8 /* Location trackerTests */ = {
			isa = PBXNativeTarget;
			buildConfigurationList = 22F9D7C92DC54ADC00C856E8 /* Build configuration list for PBXNativeTarget "Location trackerTests" */;
			buildPhases = (
				22F9D7AD2DC54ADC00C856E8 /* Sources */,
				22F9D7AE2DC54ADC00C856E8 /* Frameworks */,
				22F9D7AF2DC54ADC00C856E8 /* Resources */,
			);
			buildRules = (
			);
			dependencies = (
				22F9D7B32DC54ADC00C856E8 /* PBXTargetDependency */,
			);
			fileSystemSynchronizedGroups = (
				22F9D7B42DC54ADC00C856E8 /* Location trackerTests */,
			);
			name = "Location trackerTests";
			packageProductDependencies = (
			);
			productName = "Location trackerTests";
			productReference = 22F9D7B12DC54ADC00C856E8 /* Location trackerTests.xctest */;
			productType = "com.apple.product-type.bundle.unit-test";
		};
		22F9D7BA2DC54ADC00C856E8 /* Location trackerUITests */ = {
			isa = PBXNativeTarget;
			buildConfigurationList = 22F9D7CC2DC54ADC00C856E8 /* Build configuration list for PBXNativeTarget "Location trackerUITests" */;
			buildPhases = (
				22F9D7B72DC54ADC00C856E8 /* Sources */,
				22F9D7B82DC54ADC00C856E8 /* Frameworks */,
				22F9D7B92DC54ADC00C856E8 /* Resources */,
			);
			buildRules = (
			);
			dependencies = (
				22F9D7BD2DC54ADC00C856E8 /* PBXTargetDependency */,
			);
			fileSystemSynchronizedGroups = (
				22F9D7BE2DC54ADC00C856E8 /* Location trackerUITests */,
			);
			name = "Location trackerUITests";
			packageProductDependencies = (
			);
			productName = "Location trackerUITests";
			productReference = 22F9D7BB2DC54ADC00C856E8 /* Location trackerUITests.xctest */;
			productType = "com.apple.product-type.bundle.ui-testing";
		};
/* End PBXNativeTarget section */

/* Begin PBXProject section */
		22F9D7932DC54ADB00C856E8 /* Project object */ = {
			isa = PBXProject;
			attributes = {
				BuildIndependentTargetsInParallel = 1;
				LastSwiftUpdateCheck = 1630;
				LastUpgradeCheck = 1630;
				TargetAttributes = {
					22F9D79A2DC54ADB00C856E8 = {
						CreatedOnToolsVersion = 16.3;
					};
					22F9D7B02DC54ADC00C856E8 = {
						CreatedOnToolsVersion = 16.3;
						TestTargetID = 22F9D79A2DC54ADB00C856E8;
					};
					22F9D7BA2DC54ADC00C856E8 = {
						CreatedOnToolsVersion = 16.3;
						TestTargetID = 22F9D79A2DC54ADB00C856E8;
					};
				};
			};
			buildConfigurationList = 22F9D7962DC54ADB00C856E8 /* Build configuration list for PBXProject "Location tracker" */;
			developmentRegion = en;
			hasScannedForEncodings = 0;
			knownRegions = (
				en,
				Base,
			);
			mainGroup = 22F9D7922DC54ADB00C856E8;
			minimizedProjectReferenceProxies = 1;
			packageReferences = (
				22BFDEB22DCA7819002512AD /* XCRemoteSwiftPackageReference "firebase-ios-sdk" */,
			);
			preferredProjectObjectVersion = 77;
			productRefGroup = 22F9D79C2DC54ADB00C856E8 /* Products */;
			projectDirPath = "";
			projectRoot = "";
			targets = (
				22F9D79A2DC54ADB00C856E8 /* Location tracker */,
				22F9D7B02DC54ADC00C856E8 /* Location trackerTests */,
				22F9D7BA2DC54ADC00C856E8 /* Location trackerUITests */,
			);
		};
/* End PBXProject section */

/* Begin PBXResourcesBuildPhase section */
		22F9D7992DC54ADB00C856E8 /* Resources */ = {
			isa = PBXResourcesBuildPhase;
			buildActionMask = 2147483647;
			files = (
			);
			runOnlyForDeploymentPostprocessing = 0;
		};
		22F9D7AF2DC54ADC00C856E8 /* Resources */ = {
			isa = PBXResourcesBuildPhase;
			buildActionMask = 2147483647;
			files = (
			);
			runOnlyForDeploymentPostprocessing = 0;
		};
		22F9D7B92DC54ADC00C856E8 /* Resources */ = {
			isa = PBXResourcesBuildPhase;
			buildActionMask = 2147483647;
			files = (
			);
			runOnlyForDeploymentPostprocessing = 0;
		};
/* End PBXResourcesBuildPhase section */

/* Begin PBXSourcesBuildPhase section */
		22F9D7972DC54ADB00C856E8 /* Sources */ = {
			isa = PBXSourcesBuildPhase;
			buildActionMask = 2147483647;
			files = (
			);
			runOnlyForDeploymentPostprocessing = 0;
		};
		22F9D7AD2DC54ADC00C856E8 /* Sources */ = {
			isa = PBXSourcesBuildPhase;
			buildActionMask = 2147483647;
			files = (
			);
			runOnlyForDeploymentPostprocessing = 0;
		};
		22F9D7B72DC54ADC00C856E8 /* Sources */ = {
			isa = PBXSourcesBuildPhase;
			buildActionMask = 2147483647;
			files = (
			);
			runOnlyForDeploymentPostprocessing = 0;
		};
/* End PBXSourcesBuildPhase section */

/* Begin PBXTargetDependency section */
		22F9D7B32DC54ADC00C856E8 /* PBXTargetDependency */ = {
			isa = PBXTargetDependency;
			target = 22F9D79A2DC54ADB00C856E8 /* Location tracker */;
			targetProxy = 22F9D7B22DC54ADC00C856E8 /* PBXContainerItemProxy */;
		};
		22F9D7BD2DC54ADC00C856E8 /* PBXTargetDependency */ = {
			isa = PBXTargetDependency;
			target = 22F9D79A2DC54ADB00C856E8 /* Location tracker */;
			targetProxy = 22F9D7BC2DC54ADC00C856E8 /* PBXContainerItemProxy */;
		};
/* End PBXTargetDependency section */

/* Begin XCBuildConfiguration section */
		22F9D7C52DC54ADC00C856E8 /* Debug */ = {
			isa = XCBuildConfiguration;
			buildSettings = {
				ASSETCATALOG_COMPILER_APPICON_NAME = AppIcon;
				ASSETCATALOG_COMPILER_GLOBAL_ACCENT_COLOR_NAME = AccentColor;
				CODE_SIGN_STYLE = Automatic;
				CURRENT_PROJECT_VERSION = 1;
				DEVELOPMENT_TEAM = 4D98645N8M;
				GENERATE_INFOPLIST_FILE = YES;
				INFOPLIST_FILE = "Location tracker/Info.plist";
				INFOPLIST_KEY_UIApplicationSupportsIndirectInputEvents = YES;
				INFOPLIST_KEY_UILaunchStoryboardName = LaunchScreen;
				INFOPLIST_KEY_UISupportedInterfaceOrientations = UIInterfaceOrientationPortrait;
				INFOPLIST_KEY_UISupportedInterfaceOrientations_iPad = "UIInterfaceOrientationLandscapeLeft UIInterfaceOrientationLandscapeRight UIInterfaceOrientationPortrait UIInterfaceOrientationPortraitUpsideDown";
				LD_RUNPATH_SEARCH_PATHS = (
					"$(inherited)",
					"@executable_path/Frameworks",
				);
				MARKETING_VERSION = 1.0;
				PRODUCT_BUNDLE_IDENTIFIER = "Solohub.Location-tracker";
				PRODUCT_NAME = "$(TARGET_NAME)";
				SWIFT_EMIT_LOC_STRINGS = YES;
				SWIFT_VERSION = 5.0;
				TARGETED_DEVICE_FAMILY = "1,2";
			};
			name = Debug;
		};
		22F9D7C62DC54ADC00C856E8 /* Release */ = {
			isa = XCBuildConfiguration;
			buildSettings = {
				ASSETCATALOG_COMPILER_APPICON_NAME = AppIcon;
				ASSETCATALOG_COMPILER_GLOBAL_ACCENT_COLOR_NAME = AccentColor;
				CODE_SIGN_STYLE = Automatic;
				CURRENT_PROJECT_VERSION = 1;
				DEVELOPMENT_TEAM = 4D98645N8M;
				GENERATE_INFOPLIST_FILE = YES;
				INFOPLIST_FILE = "Location tracker/Info.plist";
				INFOPLIST_KEY_UIApplicationSupportsIndirectInputEvents = YES;
				INFOPLIST_KEY_UILaunchStoryboardName = LaunchScreen;
				INFOPLIST_KEY_UISupportedInterfaceOrientations = UIInterfaceOrientationPortrait;
				INFOPLIST_KEY_UISupportedInterfaceOrientations_iPad = "UIInterfaceOrientationLandscapeLeft UIInterfaceOrientationLandscapeRight UIInterfaceOrientationPortrait UIInterfaceOrientationPortraitUpsideDown";
				LD_RUNPATH_SEARCH_PATHS = (
					"$(inherited)",
					"@executable_path/Frameworks",
				);
				MARKETING_VERSION = 1.0;
				PRODUCT_BUNDLE_IDENTIFIER = "Solohub.Location-tracker";
				PRODUCT_NAME = "$(TARGET_NAME)";
				SWIFT_EMIT_LOC_STRINGS = YES;
				SWIFT_VERSION = 5.0;
				TARGETED_DEVICE_FAMILY = "1,2";
			};
			name = Release;
		};
		22F9D7C72DC54ADC00C856E8 /* Debug */ = {
			isa = XCBuildConfiguration;
			buildSettings = {
				ALWAYS_SEARCH_USER_PATHS = NO;
				ASSETCATALOG_COMPILER_GENERATE_SWIFT_ASSET_SYMBOL_EXTENSIONS = YES;
				CLANG_ANALYZER_NONNULL = YES;
				CLANG_ANALYZER_NUMBER_OBJECT_CONVERSION = YES_AGGRESSIVE;
				CLANG_CXX_LANGUAGE_STANDARD = "gnu++20";
				CLANG_ENABLE_MODULES = YES;
				CLANG_ENABLE_OBJC_ARC = YES;
				CLANG_ENABLE_OBJC_WEAK = YES;
				CLANG_WARN_BLOCK_CAPTURE_AUTORELEASING = YES;
				CLANG_WARN_BOOL_CONVERSION = YES;
				CLANG_WARN_COMMA = YES;
				CLANG_WARN_CONSTANT_CONVERSION = YES;
				CLANG_WARN_DEPRECATED_OBJC_IMPLEMENTATIONS = YES;
				CLANG_WARN_DIRECT_OBJC_ISA_USAGE = YES_ERROR;
				CLANG_WARN_DOCUMENTATION_COMMENTS = YES;
				CLANG_WARN_EMPTY_BODY = YES;
				CLANG_WARN_ENUM_CONVERSION = YES;
				CLANG_WARN_INFINITE_RECURSION = YES;
				CLANG_WARN_INT_CONVERSION = YES;
				CLANG_WARN_NON_LITERAL_NULL_CONVERSION = YES;
				CLANG_WARN_OBJC_IMPLICIT_RETAIN_SELF = YES;
				CLANG_WARN_OBJC_LITERAL_CONVERSION = YES;
				CLANG_WARN_OBJC_ROOT_CLASS = YES_ERROR;
				CLANG_WARN_QUOTED_INCLUDE_IN_FRAMEWORK_HEADER = YES;
				CLANG_WARN_RANGE_LOOP_ANALYSIS = YES;
				CLANG_WARN_STRICT_PROTOTYPES = YES;
				CLANG_WARN_SUSPICIOUS_MOVE = YES;
				CLANG_WARN_UNGUARDED_AVAILABILITY = YES_AGGRESSIVE;
				CLANG_WARN_UNREACHABLE_CODE = YES;
				CLANG_WARN__DUPLICATE_METHOD_MATCH = YES;
				COPY_PHASE_STRIP = NO;
				DEBUG_INFORMATION_FORMAT = dwarf;
				DEVELOPMENT_TEAM = 4D98645N8M;
				ENABLE_STRICT_OBJC_MSGSEND = YES;
				ENABLE_TESTABILITY = YES;
				ENABLE_USER_SCRIPT_SANDBOXING = YES;
				GCC_C_LANGUAGE_STANDARD = gnu17;
				GCC_DYNAMIC_NO_PIC = NO;
				GCC_NO_COMMON_BLOCKS = YES;
				GCC_OPTIMIZATION_LEVEL = 0;
				GCC_PREPROCESSOR_DEFINITIONS = (
					"DEBUG=1",
					"$(inherited)",
				);
				GCC_WARN_64_TO_32_BIT_CONVERSION = YES;
				GCC_WARN_ABOUT_RETURN_TYPE = YES_ERROR;
				GCC_WARN_UNDECLARED_SELECTOR = YES;
				GCC_WARN_UNINITIALIZED_AUTOS = YES_AGGRESSIVE;
				GCC_WARN_UNUSED_FUNCTION = YES;
				GCC_WARN_UNUSED_VARIABLE = YES;
				IPHONEOS_DEPLOYMENT_TARGET = 18.4;
				LOCALIZATION_PREFERS_STRING_CATALOGS = YES;
				MTL_ENABLE_DEBUG_INFO = INCLUDE_SOURCE;
				MTL_FAST_MATH = YES;
				ONLY_ACTIVE_ARCH = YES;
				SDKROOT = iphoneos;
				SWIFT_ACTIVE_COMPILATION_CONDITIONS = "DEBUG $(inherited)";
				SWIFT_OPTIMIZATION_LEVEL = "-Onone";
			};
			name = Debug;
		};
		22F9D7C82DC54ADC00C856E8 /* Release */ = {
			isa = XCBuildConfiguration;
			buildSettings = {
				ALWAYS_SEARCH_USER_PATHS = NO;
				ASSETCATALOG_COMPILER_GENERATE_SWIFT_ASSET_SYMBOL_EXTENSIONS = YES;
				CLANG_ANALYZER_NONNULL = YES;
				CLANG_ANALYZER_NUMBER_OBJECT_CONVERSION = YES_AGGRESSIVE;
				CLANG_CXX_LANGUAGE_STANDARD = "gnu++20";
				CLANG_ENABLE_MODULES = YES;
				CLANG_ENABLE_OBJC_ARC = YES;
				CLANG_ENABLE_OBJC_WEAK = YES;
				CLANG_WARN_BLOCK_CAPTURE_AUTORELEASING = YES;
				CLANG_WARN_BOOL_CONVERSION = YES;
				CLANG_WARN_COMMA = YES;
				CLANG_WARN_CONSTANT_CONVERSION = YES;
				CLANG_WARN_DEPRECATED_OBJC_IMPLEMENTATIONS = YES;
				CLANG_WARN_DIRECT_OBJC_ISA_USAGE = YES_ERROR;
				CLANG_WARN_DOCUMENTATION_COMMENTS = YES;
				CLANG_WARN_EMPTY_BODY = YES;
				CLANG_WARN_ENUM_CONVERSION = YES;
				CLANG_WARN_INFINITE_RECURSION = YES;
				CLANG_WARN_INT_CONVERSION = YES;
				CLANG_WARN_NON_LITERAL_NULL_CONVERSION = YES;
				CLANG_WARN_OBJC_IMPLICIT_RETAIN_SELF = YES;
				CLANG_WARN_OBJC_LITERAL_CONVERSION = YES;
				CLANG_WARN_OBJC_ROOT_CLASS = YES_ERROR;
				CLANG_WARN_QUOTED_INCLUDE_IN_FRAMEWORK_HEADER = YES;
				CLANG_WARN_RANGE_LOOP_ANALYSIS = YES;
				CLANG_WARN_STRICT_PROTOTYPES = YES;
				CLANG_WARN_SUSPICIOUS_MOVE = YES;
				CLANG_WARN_UNGUARDED_AVAILABILITY = YES_AGGRESSIVE;
				CLANG_WARN_UNREACHABLE_CODE = YES;
				CLANG_WARN__DUPLICATE_METHOD_MATCH = YES;
				COPY_PHASE_STRIP = NO;
				DEBUG_INFORMATION_FORMAT = "dwarf-with-dsym";
				DEVELOPMENT_TEAM = 4D98645N8M;
				ENABLE_NS_ASSERTIONS = NO;
				ENABLE_STRICT_OBJC_MSGSEND = YES;
				ENABLE_USER_SCRIPT_SANDBOXING = YES;
				GCC_C_LANGUAGE_STANDARD = gnu17;
				GCC_NO_COMMON_BLOCKS = YES;
				GCC_WARN_64_TO_32_BIT_CONVERSION = YES;
				GCC_WARN_ABOUT_RETURN_TYPE = YES_ERROR;
				GCC_WARN_UNDECLARED_SELECTOR = YES;
				GCC_WARN_UNINITIALIZED_AUTOS = YES_AGGRESSIVE;
				GCC_WARN_UNUSED_FUNCTION = YES;
				GCC_WARN_UNUSED_VARIABLE = YES;
				IPHONEOS_DEPLOYMENT_TARGET = 18.4;
				LOCALIZATION_PREFERS_STRING_CATALOGS = YES;
				MTL_ENABLE_DEBUG_INFO = NO;
				MTL_FAST_MATH = YES;
				SDKROOT = iphoneos;
				SWIFT_COMPILATION_MODE = wholemodule;
				VALIDATE_PRODUCT = YES;
			};
			name = Release;
		};
		22F9D7CA2DC54ADC00C856E8 /* Debug */ = {
			isa = XCBuildConfiguration;
			buildSettings = {
				BUNDLE_LOADER = "$(TEST_HOST)";
				CODE_SIGN_STYLE = Automatic;
				CURRENT_PROJECT_VERSION = 1;
				DEVELOPMENT_TEAM = 4D98645N8M;
				GENERATE_INFOPLIST_FILE = YES;
				IPHONEOS_DEPLOYMENT_TARGET = 18.4;
				MARKETING_VERSION = 1.0;
				PRODUCT_BUNDLE_IDENTIFIER = "Solohub.Location-trackerTests";
				PRODUCT_NAME = "$(TARGET_NAME)";
				SWIFT_EMIT_LOC_STRINGS = NO;
				SWIFT_VERSION = 5.0;
				TARGETED_DEVICE_FAMILY = "1,2";
				TEST_HOST = "$(BUILT_PRODUCTS_DIR)/Location tracker.app/$(BUNDLE_EXECUTABLE_FOLDER_PATH)/Location tracker";
			};
			name = Debug;
		};
		22F9D7CB2DC54ADC00C856E8 /* Release */ = {
			isa = XCBuildConfiguration;
			buildSettings = {
				BUNDLE_LOADER = "$(TEST_HOST)";
				CODE_SIGN_STYLE = Automatic;
				CURRENT_PROJECT_VERSION = 1;
				DEVELOPMENT_TEAM = 4D98645N8M;
				GENERATE_INFOPLIST_FILE = YES;
				IPHONEOS_DEPLOYMENT_TARGET = 18.4;
				MARKETING_VERSION = 1.0;
				PRODUCT_BUNDLE_IDENTIFIER = "Solohub.Location-trackerTests";
				PRODUCT_NAME = "$(TARGET_NAME)";
				SWIFT_EMIT_LOC_STRINGS = NO;
				SWIFT_VERSION = 5.0;
				TARGETED_DEVICE_FAMILY = "1,2";
				TEST_HOST = "$(BUILT_PRODUCTS_DIR)/Location tracker.app/$(BUNDLE_EXECUTABLE_FOLDER_PATH)/Location tracker";
			};
			name = Release;
		};
		22F9D7CD2DC54ADC00C856E8 /* Debug */ = {
			isa = XCBuildConfiguration;
			buildSettings = {
				CODE_SIGN_STYLE = Automatic;
				CURRENT_PROJECT_VERSION = 1;
				DEVELOPMENT_TEAM = 4D98645N8M;
				GENERATE_INFOPLIST_FILE = YES;
				MARKETING_VERSION = 1.0;
				PRODUCT_BUNDLE_IDENTIFIER = "Solohub.Location-trackerUITests";
				PRODUCT_NAME = "$(TARGET_NAME)";
				SWIFT_EMIT_LOC_STRINGS = NO;
				SWIFT_VERSION = 5.0;
				TARGETED_DEVICE_FAMILY = "1,2";
				TEST_TARGET_NAME = "Location tracker";
			};
			name = Debug;
		};
		22F9D7CE2DC54ADC00C856E8 /* Release */ = {
			isa = XCBuildConfiguration;
			buildSettings = {
				CODE_SIGN_STYLE = Automatic;
				CURRENT_PROJECT_VERSION = 1;
				DEVELOPMENT_TEAM = 4D98645N8M;
				GENERATE_INFOPLIST_FILE = YES;
				MARKETING_VERSION = 1.0;
				PRODUCT_BUNDLE_IDENTIFIER = "Solohub.Location-trackerUITests";
				PRODUCT_NAME = "$(TARGET_NAME)";
				SWIFT_EMIT_LOC_STRINGS = NO;
				SWIFT_VERSION = 5.0;
				TARGETED_DEVICE_FAMILY = "1,2";
				TEST_TARGET_NAME = "Location tracker";
			};
			name = Release;
		};
/* End XCBuildConfiguration section */

/* Begin XCConfigurationList section */
		22F9D7962DC54ADB00C856E8 /* Build configuration list for PBXProject "Location tracker" */ = {
			isa = XCConfigurationList;
			buildConfigurations = (
				22F9D7C72DC54ADC00C856E8 /* Debug */,
				22F9D7C82DC54ADC00C856E8 /* Release */,
			);
			defaultConfigurationIsVisible = 0;
			defaultConfigurationName = Release;
		};
		22F9D7C42DC54ADC00C856E8 /* Build configuration list for PBXNativeTarget "Location tracker" */ = {
			isa = XCConfigurationList;
			buildConfigurations = (
				22F9D7C52DC54ADC00C856E8 /* Debug */,
				22F9D7C62DC54ADC00C856E8 /* Release */,
			);
			defaultConfigurationIsVisible = 0;
			defaultConfigurationName = Release;
		};
		22F9D7C92DC54ADC00C856E8 /* Build configuration list for PBXNativeTarget "Location trackerTests" */ = {
			isa = XCConfigurationList;
			buildConfigurations = (
				22F9D7CA2DC54ADC00C856E8 /* Debug */,
				22F9D7CB2DC54ADC00C856E8 /* Release */,
			);
			defaultConfigurationIsVisible = 0;
			defaultConfigurationName = Release;
		};
		22F9D7CC2DC54ADC00C856E8 /* Build configuration list for PBXNativeTarget "Location trackerUITests" */ = {
			isa = XCConfigurationList;
			buildConfigurations = (
				22F9D7CD2DC54ADC00C856E8 /* Debug */,
				22F9D7CE2DC54ADC00C856E8 /* Release */,
			);
			defaultConfigurationIsVisible = 0;
			defaultConfigurationName = Release;
		};
/* End XCConfigurationList section */

/* Begin XCRemoteSwiftPackageReference section */
		22BFDEB22DCA7819002512AD /* XCRemoteSwiftPackageReference "firebase-ios-sdk" */ = {
			isa = XCRemoteSwiftPackageReference;
			repositoryURL = "https://github.com/firebase/firebase-ios-sdk";
			requirement = {
				kind = upToNextMajorVersion;
				minimumVersion = 11.12.0;
			};
		};
/* End XCRemoteSwiftPackageReference section */

/* Begin XCSwiftPackageProductDependency section */
		22BFDEB32DCA7819002512AD /* FirebaseAuth */ = {
			isa = XCSwiftPackageProductDependency;
			package = 22BFDEB22DCA7819002512AD /* XCRemoteSwiftPackageReference "firebase-ios-sdk" */;
			productName = FirebaseAuth;
		};
		22BFDEB52DCA7819002512AD /* FirebaseCore */ = {
			isa = XCSwiftPackageProductDependency;
			package = 22BFDEB22DCA7819002512AD /* XCRemoteSwiftPackageReference "firebase-ios-sdk" */;
			productName = FirebaseCore;
		};
		22BFDEB72DCA7819002512AD /* FirebaseDatabase */ = {
			isa = XCSwiftPackageProductDependency;
			package = 22BFDEB22DCA7819002512AD /* XCRemoteSwiftPackageReference "firebase-ios-sdk" */;
			productName = FirebaseDatabase;
		};
		22BFDEB92DCA7819002512AD /* FirebaseFirestore */ = {
			isa = XCSwiftPackageProductDependency;
			package = 22BFDEB22DCA7819002512AD /* XCRemoteSwiftPackageReference "firebase-ios-sdk" */;
			productName = FirebaseFirestore;
		};
/* End XCSwiftPackageProductDependency section */
	};
	rootObject = 22F9D7932DC54ADB00C856E8 /* Project object */;
}
